// !$*UTF8*$!
{
	archiveVersion = 1;
	classes = {
	};
	objectVersion = 56;
	objects = {

/* Begin PBXBuildFile section */
		BE473FEA2AD588AB00AA554A /* ExShoppingBagApp.swift in Sources */ = {isa = PBXBuildFile; fileRef = BE473FE92AD588AB00AA554A /* ExShoppingBagApp.swift */; };
		BE473FEC2AD588AB00AA554A /* HomeView.swift in Sources */ = {isa = PBXBuildFile; fileRef = BE473FEB2AD588AB00AA554A /* HomeView.swift */; };
		BE473FEE2AD588AC00AA554A /* Assets.xcassets in Resources */ = {isa = PBXBuildFile; fileRef = BE473FED2AD588AC00AA554A /* Assets.xcassets */; };
		BE473FF12AD588AC00AA554A /* Preview Assets.xcassets in Resources */ = {isa = PBXBuildFile; fileRef = BE473FF02AD588AC00AA554A /* Preview Assets.xcassets */; };
		BE473FF82AD588BE00AA554A /* Product.swift in Sources */ = {isa = PBXBuildFile; fileRef = BE473FF72AD588BE00AA554A /* Product.swift */; };
		BE473FFA2AD588C700AA554A /* ShoppingBag.swift in Sources */ = {isa = PBXBuildFile; fileRef = BE473FF92AD588C700AA554A /* ShoppingBag.swift */; };
		BE473FFC2AD58F9D00AA554A /* ProductItemView.swift in Sources */ = {isa = PBXBuildFile; fileRef = BE473FFB2AD58F9D00AA554A /* ProductItemView.swift */; };
		BE473FFE2AD58FCA00AA554A /* ShoppingCartView.swift in Sources */ = {isa = PBXBuildFile; fileRef = BE473FFD2AD58FCA00AA554A /* ShoppingCartView.swift */; };
/* End PBXBuildFile section */

/* Begin PBXFileReference section */
		BE473FE62AD588AB00AA554A /* ExShoppingBag.app */ = {isa = PBXFileReference; explicitFileType = wrapper.application; includeInIndex = 0; path = ExShoppingBag.app; sourceTree = BUILT_PRODUCTS_DIR; };
		BE473FE92AD588AB00AA554A /* ExShoppingBagApp.swift */ = {isa = PBXFileReference; lastKnownFileType = sourcecode.swift; path = ExShoppingBagApp.swift; sourceTree = "<group>"; };
		BE473FEB2AD588AB00AA554A /* HomeView.swift */ = {isa = PBXFileReference; lastKnownFileType = sourcecode.swift; path = HomeView.swift; sourceTree = "<group>"; };
		BE473FED2AD588AC00AA554A /* Assets.xcassets */ = {isa = PBXFileReference; lastKnownFileType = folder.assetcatalog; path = Assets.xcassets; sourceTree = "<group>"; };
		BE473FF02AD588AC00AA554A /* Preview Assets.xcassets */ = {isa = PBXFileReference; lastKnownFileType = folder.assetcatalog; path = "Preview Assets.xcassets"; sourceTree = "<group>"; };
		BE473FF72AD588BE00AA554A /* Product.swift */ = {isa = PBXFileReference; lastKnownFileType = sourcecode.swift; path = Product.swift; sourceTree = "<group>"; };
		BE473FF92AD588C700AA554A /* ShoppingBag.swift */ = {isa = PBXFileReference; lastKnownFileType = sourcecode.swift; path = ShoppingBag.swift; sourceTree = "<group>"; };
		BE473FFB2AD58F9D00AA554A /* ProductItemView.swift */ = {isa = PBXFileReference; lastKnownFileType = sourcecode.swift; path = ProductItemView.swift; sourceTree = "<group>"; };
		BE473FFD2AD58FCA00AA554A /* ShoppingCartView.swift */ = {isa = PBXFileReference; lastKnownFileType = sourcecode.swift; path = ShoppingCartView.swift; sourceTree = "<group>"; };
/* End PBXFileReference section */

/* Begin PBXFrameworksBuildPhase section */
		BE473FE32AD588AB00AA554A /* Frameworks */ = {
			isa = PBXFrameworksBuildPhase;
			buildActionMask = 2147483647;
			files = (
			);
			runOnlyForDeploymentPostprocessing = 0;
		};
/* End PBXFrameworksBuildPhase section */

/* Begin PBXGroup section */
		BE473FDD2AD588AB00AA554A = {
			isa = PBXGroup;
			children = (
				BE473FE82AD588AB00AA554A /* ExShoppingBag */,
				BE473FE72AD588AB00AA554A /* Products */,
			);
			sourceTree = "<group>";
		};
		BE473FE72AD588AB00AA554A /* Products */ = {
			isa = PBXGroup;
			children = (
				BE473FE62AD588AB00AA554A /* ExShoppingBag.app */,
			);
			name = Products;
			sourceTree = "<group>";
		};
		BE473FE82AD588AB00AA554A /* ExShoppingBag */ = {
			isa = PBXGroup;
			children = (
				BE473FE92AD588AB00AA554A /* ExShoppingBagApp.swift */,
				BE473FEB2AD588AB00AA554A /* HomeView.swift */,
				BE473FF72AD588BE00AA554A /* Product.swift */,
				BE473FF92AD588C700AA554A /* ShoppingBag.swift */,
				BE473FED2AD588AC00AA554A /* Assets.xcassets */,
				BE473FEF2AD588AC00AA554A /* Preview Content */,
				BE473FFB2AD58F9D00AA554A /* ProductItemView.swift */,
				BE473FFD2AD58FCA00AA554A /* ShoppingCartView.swift */,
			);
			path = ExShoppingBag;
			sourceTree = "<group>";
		};
		BE473FEF2AD588AC00AA554A /* Preview Content */ = {
			isa = PBXGroup;
			children = (
				BE473FF02AD588AC00AA554A /* Preview Assets.xcassets */,
			);
			path = "Preview Content";
			sourceTree = "<group>";
		};
/* End PBXGroup section */

/* Begin PBXNativeTarget section */
		BE473FE52AD588AB00AA554A /* ExShoppingBag */ = {
			isa = PBXNativeTarget;
			buildConfigurationList = BE473FF42AD588AC00AA554A /* Build configuration list for PBXNativeTarget "ExShoppingBag" */;
			buildPhases = (
				BE473FE22AD588AB00AA554A /* Sources */,
				BE473FE32AD588AB00AA554A /* Frameworks */,
				BE473FE42AD588AB00AA554A /* Resources */,
			);
			buildRules = (
			);
			dependencies = (
			);
			name = ExShoppingBag;
			productName = ExShoppingBag;
			productReference = BE473FE62AD588AB00AA554A /* ExShoppingBag.app */;
			productType = "com.apple.product-type.application";
		};
/* End PBXNativeTarget section */

/* Begin PBXProject section */
		BE473FDE2AD588AB00AA554A /* Project object */ = {
			isa = PBXProject;
			attributes = {
				BuildIndependentTargetsInParallel = 1;
				LastSwiftUpdateCheck = 1500;
				LastUpgradeCheck = 1500;
				TargetAttributes = {
					BE473FE52AD588AB00AA554A = {
						CreatedOnToolsVersion = 15.0;
					};
				};
			};
			buildConfigurationList = BE473FE12AD588AB00AA554A /* Build configuration list for PBXProject "ExShoppingBag" */;
			compatibilityVersion = "Xcode 14.0";
			developmentRegion = en;
			hasScannedForEncodings = 0;
			knownRegions = (
				en,
				Base,
			);
			mainGroup = BE473FDD2AD588AB00AA554A;
			productRefGroup = BE473FE72AD588AB00AA554A /* Products */;
			projectDirPath = "";
			projectRoot = "";
			targets = (
				BE473FE52AD588AB00AA554A /* ExShoppingBag */,
			);
		};
/* End PBXProject section */

/* Begin PBXResourcesBuildPhase section */
		BE473FE42AD588AB00AA554A /* Resources */ = {
			isa = PBXResourcesBuildPhase;
			buildActionMask = 2147483647;
			files = (
				BE473FF12AD588AC00AA554A /* Preview Assets.xcassets in Resources */,
				BE473FEE2AD588AC00AA554A /* Assets.xcassets in Resources */,
			);
			runOnlyForDeploymentPostprocessing = 0;
		};
/* End PBXResourcesBuildPhase section */

/* Begin PBXSourcesBuildPhase section */
		BE473FE22AD588AB00AA554A /* Sources */ = {
			isa = PBXSourcesBuildPhase;
			buildActionMask = 2147483647;
			files = (
				BE473FFC2AD58F9D00AA554A /* ProductItemView.swift in Sources */,
				BE473FEC2AD588AB00AA554A /* HomeView.swift in Sources */,
				BE473FEA2AD588AB00AA554A /* ExShoppingBagApp.swift in Sources */,
				BE473FFA2AD588C700AA554A /* ShoppingBag.swift in Sources */,
				BE473FFE2AD58FCA00AA554A /* ShoppingCartView.swift in Sources */,
				BE473FF82AD588BE00AA554A /* Product.swift in Sources */,
			);
			runOnlyForDeploymentPostprocessing = 0;
		};
/* End PBXSourcesBuildPhase section */

/* Begin XCBuildConfiguration section */
		BE473FF22AD588AC00AA554A /* Debug */ = {
			isa = XCBuildConfiguration;
			buildSettings = {
				ALWAYS_SEARCH_USER_PATHS = NO;
				ASSETCATALOG_COMPILER_GENERATE_SWIFT_ASSET_SYMBOL_EXTENSIONS = YES;
				CLANG_ANALYZER_NONNULL = YES;
				CLANG_ANALYZER_NUMBER_OBJECT_CONVERSION = YES_AGGRESSIVE;
				CLANG_CXX_LANGUAGE_STANDARD = "gnu++20";
				CLANG_ENABLE_MODULES = YES;
				CLANG_ENABLE_OBJC_ARC = YES;
				CLANG_ENABLE_OBJC_WEAK = YES;
				CLANG_WARN_BLOCK_CAPTURE_AUTORELEASING = YES;
				CLANG_WARN_BOOL_CONVERSION = YES;
				CLANG_WARN_COMMA = YES;
				CLANG_WARN_CONSTANT_CONVERSION = YES;
				CLANG_WARN_DEPRECATED_OBJC_IMPLEMENTATIONS = YES;
				CLANG_WARN_DIRECT_OBJC_ISA_USAGE = YES_ERROR;
				CLANG_WARN_DOCUMENTATION_COMMENTS = YES;
				CLANG_WARN_EMPTY_BODY = YES;
				CLANG_WARN_ENUM_CONVERSION = YES;
				CLANG_WARN_INFINITE_RECURSION = YES;
				CLANG_WARN_INT_CONVERSION = YES;
				CLANG_WARN_NON_LITERAL_NULL_CONVERSION = YES;
				CLANG_WARN_OBJC_IMPLICIT_RETAIN_SELF = YES;
				CLANG_WARN_OBJC_LITERAL_CONVERSION = YES;
				CLANG_WARN_OBJC_ROOT_CLASS = YES_ERROR;
				CLANG_WARN_QUOTED_INCLUDE_IN_FRAMEWORK_HEADER = YES;
				CLANG_WARN_RANGE_LOOP_ANALYSIS = YES;
				CLANG_WARN_STRICT_PROTOTYPES = YES;
				CLANG_WARN_SUSPICIOUS_MOVE = YES;
				CLANG_WARN_UNGUARDED_AVAILABILITY = YES_AGGRESSIVE;
				CLANG_WARN_UNREACHABLE_CODE = YES;
				CLANG_WARN__DUPLICATE_METHOD_MATCH = YES;
				COPY_PHASE_STRIP = NO;
				DEBUG_INFORMATION_FORMAT = dwarf;
				ENABLE_STRICT_OBJC_MSGSEND = YES;
				ENABLE_TESTABILITY = YES;
				ENABLE_USER_SCRIPT_SANDBOXING = YES;
				GCC_C_LANGUAGE_STANDARD = gnu17;
				GCC_DYNAMIC_NO_PIC = NO;
				GCC_NO_COMMON_BLOCKS = YES;
				GCC_OPTIMIZATION_LEVEL = 0;
				GCC_PREPROCESSOR_DEFINITIONS = (
					"DEBUG=1",
					"$(inherited)",
				);
				GCC_WARN_64_TO_32_BIT_CONVERSION = YES;
				GCC_WARN_ABOUT_RETURN_TYPE = YES_ERROR;
				GCC_WARN_UNDECLARED_SELECTOR = YES;
				GCC_WARN_UNINITIALIZED_AUTOS = YES_AGGRESSIVE;
				GCC_WARN_UNUSED_FUNCTION = YES;
				GCC_WARN_UNUSED_VARIABLE = YES;
				IPHONEOS_DEPLOYMENT_TARGET = 17.0;
				LOCALIZATION_PREFERS_STRING_CATALOGS = YES;
				MTL_ENABLE_DEBUG_INFO = INCLUDE_SOURCE;
				MTL_FAST_MATH = YES;
				ONLY_ACTIVE_ARCH = YES;
				SDKROOT = iphoneos;
				SWIFT_ACTIVE_COMPILATION_CONDITIONS = "DEBUG $(inherited)";
				SWIFT_OPTIMIZATION_LEVEL = "-Onone";
			};
			name = Debug;
		};
		BE473FF32AD588AC00AA554A /* Release */ = {
			isa = XCBuildConfiguration;
			buildSettings = {
				ALWAYS_SEARCH_USER_PATHS = NO;
				ASSETCATALOG_COMPILER_GENERATE_SWIFT_ASSET_SYMBOL_EXTENSIONS = YES;
				CLANG_ANALYZER_NONNULL = YES;
				CLANG_ANALYZER_NUMBER_OBJECT_CONVERSION = YES_AGGRESSIVE;
				CLANG_CXX_LANGUAGE_STANDARD = "gnu++20";
				CLANG_ENABLE_MODULES = YES;
				CLANG_ENABLE_OBJC_ARC = YES;
				CLANG_ENABLE_OBJC_WEAK = YES;
				CLANG_WARN_BLOCK_CAPTURE_AUTORELEASING = YES;
				CLANG_WARN_BOOL_CONVERSION = YES;
				CLANG_WARN_COMMA = YES;
				CLANG_WARN_CONSTANT_CONVERSION = YES;
				CLANG_WARN_DEPRECATED_OBJC_IMPLEMENTATIONS = YES;
				CLANG_WARN_DIRECT_OBJC_ISA_USAGE = YES_ERROR;
				CLANG_WARN_DOCUMENTATION_COMMENTS = YES;
				CLANG_WARN_EMPTY_BODY = YES;
				CLANG_WARN_ENUM_CONVERSION = YES;
				CLANG_WARN_INFINITE_RECURSION = YES;
				CLANG_WARN_INT_CONVERSION = YES;
				CLANG_WARN_NON_LITERAL_NULL_CONVERSION = YES;
				CLANG_WARN_OBJC_IMPLICIT_RETAIN_SELF = YES;
				CLANG_WARN_OBJC_LITERAL_CONVERSION = YES;
				CLANG_WARN_OBJC_ROOT_CLASS = YES_ERROR;
				CLANG_WARN_QUOTED_INCLUDE_IN_FRAMEWORK_HEADER = YES;
				CLANG_WARN_RANGE_LOOP_ANALYSIS = YES;
				CLANG_WARN_STRICT_PROTOTYPES = YES;
				CLANG_WARN_SUSPICIOUS_MOVE = YES;
				CLANG_WARN_UNGUARDED_AVAILABILITY = YES_AGGRESSIVE;
				CLANG_WARN_UNREACHABLE_CODE = YES;
				CLANG_WARN__DUPLICATE_METHOD_MATCH = YES;
				COPY_PHASE_STRIP = NO;
				DEBUG_INFORMATION_FORMAT = "dwarf-with-dsym";
				ENABLE_NS_ASSERTIONS = NO;
				ENABLE_STRICT_OBJC_MSGSEND = YES;
				ENABLE_USER_SCRIPT_SANDBOXING = YES;
				GCC_C_LANGUAGE_STANDARD = gnu17;
				GCC_NO_COMMON_BLOCKS = YES;
				GCC_WARN_64_TO_32_BIT_CONVERSION = YES;
				GCC_WARN_ABOUT_RETURN_TYPE = YES_ERROR;
				GCC_WARN_UNDECLARED_SELECTOR = YES;
				GCC_WARN_UNINITIALIZED_AUTOS = YES_AGGRESSIVE;
				GCC_WARN_UNUSED_FUNCTION = YES;
				GCC_WARN_UNUSED_VARIABLE = YES;
				IPHONEOS_DEPLOYMENT_TARGET = 17.0;
				LOCALIZATION_PREFERS_STRING_CATALOGS = YES;
				MTL_ENABLE_DEBUG_INFO = NO;
				MTL_FAST_MATH = YES;
				SDKROOT = iphoneos;
				SWIFT_COMPILATION_MODE = wholemodule;
				VALIDATE_PRODUCT = YES;
			};
			name = Release;
		};
		BE473FF52AD588AC00AA554A /* Debug */ = {
			isa = XCBuildConfiguration;
			buildSettings = {
				ASSETCATALOG_COMPILER_APPICON_NAME = AppIcon;
				ASSETCATALOG_COMPILER_GLOBAL_ACCENT_COLOR_NAME = AccentColor;
				CODE_SIGN_STYLE = Automatic;
				CURRENT_PROJECT_VERSION = 1;
				DEVELOPMENT_ASSET_PATHS = "\"ExShoppingBag/Preview Content\"";
				DEVELOPMENT_TEAM = 4Y2567YJY8;
				ENABLE_PREVIEWS = YES;
				GENERATE_INFOPLIST_FILE = YES;
				INFOPLIST_KEY_UIApplicationSceneManifest_Generation = YES;
				INFOPLIST_KEY_UIApplicationSupportsIndirectInputEvents = YES;
				INFOPLIST_KEY_UILaunchScreen_Generation = YES;
				INFOPLIST_KEY_UISupportedInterfaceOrientations_iPad = "UIInterfaceOrientationPortrait UIInterfaceOrientationPortraitUpsideDown UIInterfaceOrientationLandscapeLeft UIInterfaceOrientationLandscapeRight";
				INFOPLIST_KEY_UISupportedInterfaceOrientations_iPhone = "UIInterfaceOrientationPortrait UIInterfaceOrientationLandscapeLeft UIInterfaceOrientationLandscapeRight";
				LD_RUNPATH_SEARCH_PATHS = (
					"$(inherited)",
					"@executable_path/Frameworks",
				);
				MARKETING_VERSION = 1.0;
				PRODUCT_BUNDLE_IDENTIFIER = kant.ExShoppingBag;
				PRODUCT_NAME = "$(TARGET_NAME)";
				SWIFT_EMIT_LOC_STRINGS = YES;
				SWIFT_VERSION = 5.0;
				TARGETED_DEVICE_FAMILY = "1,2";
			};
			name = Debug;
		};
		BE473FF62AD588AC00AA554A /* Release */ = {
			isa = XCBuildConfiguration;
			buildSettings = {
				ASSETCATALOG_COMPILER_APPICON_NAME = AppIcon;
				ASSETCATALOG_COMPILER_GLOBAL_ACCENT_COLOR_NAME = AccentColor;
				CODE_SIGN_STYLE = Automatic;
				CURRENT_PROJECT_VERSION = 1;
				DEVELOPMENT_ASSET_PATHS = "\"ExShoppingBag/Preview Content\"";
				DEVELOPMENT_TEAM = 4Y2567YJY8;
				ENABLE_PREVIEWS = YES;
				GENERATE_INFOPLIST_FILE = YES;
				INFOPLIST_KEY_UIApplicationSceneManifest_Generation = YES;
				INFOPLIST_KEY_UIApplicationSupportsIndirectInputEvents = YES;
				INFOPLIST_KEY_UILaunchScreen_Generation = YES;
				INFOPLIST_KEY_UISupportedInterfaceOrientations_iPad = "UIInterfaceOrientationPortrait UIInterfaceOrientationPortraitUpsideDown UIInterfaceOrientationLandscapeLeft UIInterfaceOrientationLandscapeRight";
				INFOPLIST_KEY_UISupportedInterfaceOrientations_iPhone = "UIInterfaceOrientationPortrait UIInterfaceOrientationLandscapeLeft UIInterfaceOrientationLandscapeRight";
				LD_RUNPATH_SEARCH_PATHS = (
					"$(inherited)",
					"@executable_path/Frameworks",
				);
				MARKETING_VERSION = 1.0;
				PRODUCT_BUNDLE_IDENTIFIER = kant.ExShoppingBag;
				PRODUCT_NAME = "$(TARGET_NAME)";
				SWIFT_EMIT_LOC_STRINGS = YES;
				SWIFT_VERSION = 5.0;
				TARGETED_DEVICE_FAMILY = "1,2";
			};
			name = Release;
		};
/* End XCBuildConfiguration section */

/* Begin XCConfigurationList section */
		BE473FE12AD588AB00AA554A /* Build configuration list for PBXProject "ExShoppingBag" */ = {
			isa = XCConfigurationList;
			buildConfigurations = (
				BE473FF22AD588AC00AA554A /* Debug */,
				BE473FF32AD588AC00AA554A /* Release */,
			);
			defaultConfigurationIsVisible = 0;
			defaultConfigurationName = Release;
		};
		BE473FF42AD588AC00AA554A /* Build configuration list for PBXNativeTarget "ExShoppingBag" */ = {
			isa = XCConfigurationList;
			buildConfigurations = (
				BE473FF52AD588AC00AA554A /* Debug */,
				BE473FF62AD588AC00AA554A /* Release */,
			);
			defaultConfigurationIsVisible = 0;
			defaultConfigurationName = Release;
		};
/* End XCConfigurationList section */
	};
	rootObject = BE473FDE2AD588AB00AA554A /* Project object */;
}
