// !$*UTF8*$!
{
	archiveVersion = 1;
	classes = {
	};
	objectVersion = 56;
	objects = {

/* Begin PBXBuildFile section */
		BE949C462B36AD3D002407A4 /* ExAppThemeSwitcherApp.swift in Sources */ = {isa = PBXBuildFile; fileRef = BE949C452B36AD3D002407A4 /* ExAppThemeSwitcherApp.swift */; };
		BE949C482B36AD3D002407A4 /* ThemeChangeView.swift in Sources */ = {isa = PBXBuildFile; fileRef = BE949C472B36AD3D002407A4 /* ThemeChangeView.swift */; };
		BE949C4A2B36AD3E002407A4 /* Assets.xcassets in Resources */ = {isa = PBXBuildFile; fileRef = BE949C492B36AD3E002407A4 /* Assets.xcassets */; };
		BE949C4D2B36AD3E002407A4 /* Preview Assets.xcassets in Resources */ = {isa = PBXBuildFile; fileRef = BE949C4C2B36AD3E002407A4 /* Preview Assets.xcassets */; };
		BE949C542B36B2CC002407A4 /* ContentView.swift in Sources */ = {isa = PBXBuildFile; fileRef = BE949C532B36B2CC002407A4 /* ContentView.swift */; };
		BE949C562B36B83F002407A4 /* Theme.swift in Sources */ = {isa = PBXBuildFile; fileRef = BE949C552B36B83F002407A4 /* Theme.swift */; };
/* End PBXBuildFile section */

/* Begin PBXFileReference section */
		BE949C422B36AD3D002407A4 /* ExAppThemeSwitcher.app */ = {isa = PBXFileReference; explicitFileType = wrapper.application; includeInIndex = 0; path = ExAppThemeSwitcher.app; sourceTree = BUILT_PRODUCTS_DIR; };
		BE949C452B36AD3D002407A4 /* ExAppThemeSwitcherApp.swift */ = {isa = PBXFileReference; lastKnownFileType = sourcecode.swift; path = ExAppThemeSwitcherApp.swift; sourceTree = "<group>"; };
		BE949C472B36AD3D002407A4 /* ThemeChangeView.swift */ = {isa = PBXFileReference; lastKnownFileType = sourcecode.swift; path = ThemeChangeView.swift; sourceTree = "<group>"; };
		BE949C492B36AD3E002407A4 /* Assets.xcassets */ = {isa = PBXFileReference; lastKnownFileType = folder.assetcatalog; path = Assets.xcassets; sourceTree = "<group>"; };
		BE949C4C2B36AD3E002407A4 /* Preview Assets.xcassets */ = {isa = PBXFileReference; lastKnownFileType = folder.assetcatalog; path = "Preview Assets.xcassets"; sourceTree = "<group>"; };
		BE949C532B36B2CC002407A4 /* ContentView.swift */ = {isa = PBXFileReference; lastKnownFileType = sourcecode.swift; path = ContentView.swift; sourceTree = "<group>"; };
		BE949C552B36B83F002407A4 /* Theme.swift */ = {isa = PBXFileReference; lastKnownFileType = sourcecode.swift; path = Theme.swift; sourceTree = "<group>"; };
/* End PBXFileReference section */

/* Begin PBXFrameworksBuildPhase section */
		BE949C3F2B36AD3D002407A4 /* Frameworks */ = {
			isa = PBXFrameworksBuildPhase;
			buildActionMask = 2147483647;
			files = (
			);
			runOnlyForDeploymentPostprocessing = 0;
		};
/* End PBXFrameworksBuildPhase section */

/* Begin PBXGroup section */
		BE949C392B36AD3D002407A4 = {
			isa = PBXGroup;
			children = (
				BE949C442B36AD3D002407A4 /* ExAppThemeSwitcher */,
				BE949C432B36AD3D002407A4 /* Products */,
			);
			sourceTree = "<group>";
		};
		BE949C432B36AD3D002407A4 /* Products */ = {
			isa = PBXGroup;
			children = (
				BE949C422B36AD3D002407A4 /* ExAppThemeSwitcher.app */,
			);
			name = Products;
			sourceTree = "<group>";
		};
		BE949C442B36AD3D002407A4 /* ExAppThemeSwitcher */ = {
			isa = PBXGroup;
			children = (
				BE949C452B36AD3D002407A4 /* ExAppThemeSwitcherApp.swift */,
				BE949C552B36B83F002407A4 /* Theme.swift */,
				BE949C472B36AD3D002407A4 /* ThemeChangeView.swift */,
				BE949C532B36B2CC002407A4 /* ContentView.swift */,
				BE949C492B36AD3E002407A4 /* Assets.xcassets */,
				BE949C4B2B36AD3E002407A4 /* Preview Content */,
			);
			path = ExAppThemeSwitcher;
			sourceTree = "<group>";
		};
		BE949C4B2B36AD3E002407A4 /* Preview Content */ = {
			isa = PBXGroup;
			children = (
				BE949C4C2B36AD3E002407A4 /* Preview Assets.xcassets */,
			);
			path = "Preview Content";
			sourceTree = "<group>";
		};
/* End PBXGroup section */

/* Begin PBXNativeTarget section */
		BE949C412B36AD3D002407A4 /* ExAppThemeSwitcher */ = {
			isa = PBXNativeTarget;
			buildConfigurationList = BE949C502B36AD3E002407A4 /* Build configuration list for PBXNativeTarget "ExAppThemeSwitcher" */;
			buildPhases = (
				BE949C3E2B36AD3D002407A4 /* Sources */,
				BE949C3F2B36AD3D002407A4 /* Frameworks */,
				BE949C402B36AD3D002407A4 /* Resources */,
			);
			buildRules = (
			);
			dependencies = (
			);
			name = ExAppThemeSwitcher;
			productName = ExAppThemeSwitcher;
			productReference = BE949C422B36AD3D002407A4 /* ExAppThemeSwitcher.app */;
			productType = "com.apple.product-type.application";
		};
/* End PBXNativeTarget section */

/* Begin PBXProject section */
		BE949C3A2B36AD3D002407A4 /* Project object */ = {
			isa = PBXProject;
			attributes = {
				BuildIndependentTargetsInParallel = 1;
				LastSwiftUpdateCheck = 1510;
				LastUpgradeCheck = 1510;
				TargetAttributes = {
					BE949C412B36AD3D002407A4 = {
						CreatedOnToolsVersion = 15.1;
					};
				};
			};
			buildConfigurationList = BE949C3D2B36AD3D002407A4 /* Build configuration list for PBXProject "ExAppThemeSwitcher" */;
			compatibilityVersion = "Xcode 14.0";
			developmentRegion = en;
			hasScannedForEncodings = 0;
			knownRegions = (
				en,
				Base,
			);
			mainGroup = BE949C392B36AD3D002407A4;
			productRefGroup = BE949C432B36AD3D002407A4 /* Products */;
			projectDirPath = "";
			projectRoot = "";
			targets = (
				BE949C412B36AD3D002407A4 /* ExAppThemeSwitcher */,
			);
		};
/* End PBXProject section */

/* Begin PBXResourcesBuildPhase section */
		BE949C402B36AD3D002407A4 /* Resources */ = {
			isa = PBXResourcesBuildPhase;
			buildActionMask = 2147483647;
			files = (
				BE949C4D2B36AD3E002407A4 /* Preview Assets.xcassets in Resources */,
				BE949C4A2B36AD3E002407A4 /* Assets.xcassets in Resources */,
			);
			runOnlyForDeploymentPostprocessing = 0;
		};
/* End PBXResourcesBuildPhase section */

/* Begin PBXSourcesBuildPhase section */
		BE949C3E2B36AD3D002407A4 /* Sources */ = {
			isa = PBXSourcesBuildPhase;
			buildActionMask = 2147483647;
			files = (
				BE949C482B36AD3D002407A4 /* ThemeChangeView.swift in Sources */,
				BE949C562B36B83F002407A4 /* Theme.swift in Sources */,
				BE949C462B36AD3D002407A4 /* ExAppThemeSwitcherApp.swift in Sources */,
				BE949C542B36B2CC002407A4 /* ContentView.swift in Sources */,
			);
			runOnlyForDeploymentPostprocessing = 0;
		};
/* End PBXSourcesBuildPhase section */

/* Begin XCBuildConfiguration section */
		BE949C4E2B36AD3E002407A4 /* Debug */ = {
			isa = XCBuildConfiguration;
			buildSettings = {
				ALWAYS_SEARCH_USER_PATHS = NO;
				ASSETCATALOG_COMPILER_GENERATE_SWIFT_ASSET_SYMBOL_EXTENSIONS = YES;
				CLANG_ANALYZER_NONNULL = YES;
				CLANG_ANALYZER_NUMBER_OBJECT_CONVERSION = YES_AGGRESSIVE;
				CLANG_CXX_LANGUAGE_STANDARD = "gnu++20";
				CLANG_ENABLE_MODULES = YES;
				CLANG_ENABLE_OBJC_ARC = YES;
				CLANG_ENABLE_OBJC_WEAK = YES;
				CLANG_WARN_BLOCK_CAPTURE_AUTORELEASING = YES;
				CLANG_WARN_BOOL_CONVERSION = YES;
				CLANG_WARN_COMMA = YES;
				CLANG_WARN_CONSTANT_CONVERSION = YES;
				CLANG_WARN_DEPRECATED_OBJC_IMPLEMENTATIONS = YES;
				CLANG_WARN_DIRECT_OBJC_ISA_USAGE = YES_ERROR;
				CLANG_WARN_DOCUMENTATION_COMMENTS = YES;
				CLANG_WARN_EMPTY_BODY = YES;
				CLANG_WARN_ENUM_CONVERSION = YES;
				CLANG_WARN_INFINITE_RECURSION = YES;
				CLANG_WARN_INT_CONVERSION = YES;
				CLANG_WARN_NON_LITERAL_NULL_CONVERSION = YES;
				CLANG_WARN_OBJC_IMPLICIT_RETAIN_SELF = YES;
				CLANG_WARN_OBJC_LITERAL_CONVERSION = YES;
				CLANG_WARN_OBJC_ROOT_CLASS = YES_ERROR;
				CLANG_WARN_QUOTED_INCLUDE_IN_FRAMEWORK_HEADER = YES;
				CLANG_WARN_RANGE_LOOP_ANALYSIS = YES;
				CLANG_WARN_STRICT_PROTOTYPES = YES;
				CLANG_WARN_SUSPICIOUS_MOVE = YES;
				CLANG_WARN_UNGUARDED_AVAILABILITY = YES_AGGRESSIVE;
				CLANG_WARN_UNREACHABLE_CODE = YES;
				CLANG_WARN__DUPLICATE_METHOD_MATCH = YES;
				COPY_PHASE_STRIP = NO;
				DEBUG_INFORMATION_FORMAT = dwarf;
				ENABLE_STRICT_OBJC_MSGSEND = YES;
				ENABLE_TESTABILITY = YES;
				ENABLE_USER_SCRIPT_SANDBOXING = YES;
				GCC_C_LANGUAGE_STANDARD = gnu17;
				GCC_DYNAMIC_NO_PIC = NO;
				GCC_NO_COMMON_BLOCKS = YES;
				GCC_OPTIMIZATION_LEVEL = 0;
				GCC_PREPROCESSOR_DEFINITIONS = (
					"DEBUG=1",
					"$(inherited)",
				);
				GCC_WARN_64_TO_32_BIT_CONVERSION = YES;
				GCC_WARN_ABOUT_RETURN_TYPE = YES_ERROR;
				GCC_WARN_UNDECLARED_SELECTOR = YES;
				GCC_WARN_UNINITIALIZED_AUTOS = YES_AGGRESSIVE;
				GCC_WARN_UNUSED_FUNCTION = YES;
				GCC_WARN_UNUSED_VARIABLE = YES;
				IPHONEOS_DEPLOYMENT_TARGET = 17.2;
				LOCALIZATION_PREFERS_STRING_CATALOGS = YES;
				MTL_ENABLE_DEBUG_INFO = INCLUDE_SOURCE;
				MTL_FAST_MATH = YES;
				ONLY_ACTIVE_ARCH = YES;
				SDKROOT = iphoneos;
				SWIFT_ACTIVE_COMPILATION_CONDITIONS = "DEBUG $(inherited)";
				SWIFT_OPTIMIZATION_LEVEL = "-Onone";
			};
			name = Debug;
		};
		BE949C4F2B36AD3E002407A4 /* Release */ = {
			isa = XCBuildConfiguration;
			buildSettings = {
				ALWAYS_SEARCH_USER_PATHS = NO;
				ASSETCATALOG_COMPILER_GENERATE_SWIFT_ASSET_SYMBOL_EXTENSIONS = YES;
				CLANG_ANALYZER_NONNULL = YES;
				CLANG_ANALYZER_NUMBER_OBJECT_CONVERSION = YES_AGGRESSIVE;
				CLANG_CXX_LANGUAGE_STANDARD = "gnu++20";
				CLANG_ENABLE_MODULES = YES;
				CLANG_ENABLE_OBJC_ARC = YES;
				CLANG_ENABLE_OBJC_WEAK = YES;
				CLANG_WARN_BLOCK_CAPTURE_AUTORELEASING = YES;
				CLANG_WARN_BOOL_CONVERSION = YES;
				CLANG_WARN_COMMA = YES;
				CLANG_WARN_CONSTANT_CONVERSION = YES;
				CLANG_WARN_DEPRECATED_OBJC_IMPLEMENTATIONS = YES;
				CLANG_WARN_DIRECT_OBJC_ISA_USAGE = YES_ERROR;
				CLANG_WARN_DOCUMENTATION_COMMENTS = YES;
				CLANG_WARN_EMPTY_BODY = YES;
				CLANG_WARN_ENUM_CONVERSION = YES;
				CLANG_WARN_INFINITE_RECURSION = YES;
				CLANG_WARN_INT_CONVERSION = YES;
				CLANG_WARN_NON_LITERAL_NULL_CONVERSION = YES;
				CLANG_WARN_OBJC_IMPLICIT_RETAIN_SELF = YES;
				CLANG_WARN_OBJC_LITERAL_CONVERSION = YES;
				CLANG_WARN_OBJC_ROOT_CLASS = YES_ERROR;
				CLANG_WARN_QUOTED_INCLUDE_IN_FRAMEWORK_HEADER = YES;
				CLANG_WARN_RANGE_LOOP_ANALYSIS = YES;
				CLANG_WARN_STRICT_PROTOTYPES = YES;
				CLANG_WARN_SUSPICIOUS_MOVE = YES;
				CLANG_WARN_UNGUARDED_AVAILABILITY = YES_AGGRESSIVE;
				CLANG_WARN_UNREACHABLE_CODE = YES;
				CLANG_WARN__DUPLICATE_METHOD_MATCH = YES;
				COPY_PHASE_STRIP = NO;
				DEBUG_INFORMATION_FORMAT = "dwarf-with-dsym";
				ENABLE_NS_ASSERTIONS = NO;
				ENABLE_STRICT_OBJC_MSGSEND = YES;
				ENABLE_USER_SCRIPT_SANDBOXING = YES;
				GCC_C_LANGUAGE_STANDARD = gnu17;
				GCC_NO_COMMON_BLOCKS = YES;
				GCC_WARN_64_TO_32_BIT_CONVERSION = YES;
				GCC_WARN_ABOUT_RETURN_TYPE = YES_ERROR;
				GCC_WARN_UNDECLARED_SELECTOR = YES;
				GCC_WARN_UNINITIALIZED_AUTOS = YES_AGGRESSIVE;
				GCC_WARN_UNUSED_FUNCTION = YES;
				GCC_WARN_UNUSED_VARIABLE = YES;
				IPHONEOS_DEPLOYMENT_TARGET = 17.2;
				LOCALIZATION_PREFERS_STRING_CATALOGS = YES;
				MTL_ENABLE_DEBUG_INFO = NO;
				MTL_FAST_MATH = YES;
				SDKROOT = iphoneos;
				SWIFT_COMPILATION_MODE = wholemodule;
				VALIDATE_PRODUCT = YES;
			};
			name = Release;
		};
		BE949C512B36AD3E002407A4 /* Debug */ = {
			isa = XCBuildConfiguration;
			buildSettings = {
				ASSETCATALOG_COMPILER_APPICON_NAME = AppIcon;
				ASSETCATALOG_COMPILER_GLOBAL_ACCENT_COLOR_NAME = AccentColor;
				CODE_SIGN_STYLE = Automatic;
				CURRENT_PROJECT_VERSION = 1;
				DEVELOPMENT_ASSET_PATHS = "\"ExAppThemeSwitcher/Preview Content\"";
				DEVELOPMENT_TEAM = 4Y2567YJY8;
				ENABLE_PREVIEWS = YES;
				GENERATE_INFOPLIST_FILE = YES;
				INFOPLIST_KEY_UIApplicationSceneManifest_Generation = YES;
				INFOPLIST_KEY_UIApplicationSupportsIndirectInputEvents = YES;
				INFOPLIST_KEY_UILaunchScreen_Generation = YES;
				INFOPLIST_KEY_UISupportedInterfaceOrientations_iPad = "UIInterfaceOrientationPortrait UIInterfaceOrientationPortraitUpsideDown UIInterfaceOrientationLandscapeLeft UIInterfaceOrientationLandscapeRight";
				INFOPLIST_KEY_UISupportedInterfaceOrientations_iPhone = "UIInterfaceOrientationPortrait UIInterfaceOrientationLandscapeLeft UIInterfaceOrientationLandscapeRight";
				LD_RUNPATH_SEARCH_PATHS = (
					"$(inherited)",
					"@executable_path/Frameworks",
				);
				MARKETING_VERSION = 1.0;
				PRODUCT_BUNDLE_IDENTIFIER = kant.ExAppThemeSwitcher;
				PRODUCT_NAME = "$(TARGET_NAME)";
				SWIFT_EMIT_LOC_STRINGS = YES;
				SWIFT_VERSION = 5.0;
				TARGETED_DEVICE_FAMILY = "1,2";
			};
			name = Debug;
		};
		BE949C522B36AD3E002407A4 /* Release */ = {
			isa = XCBuildConfiguration;
			buildSettings = {
				ASSETCATALOG_COMPILER_APPICON_NAME = AppIcon;
				ASSETCATALOG_COMPILER_GLOBAL_ACCENT_COLOR_NAME = AccentColor;
				CODE_SIGN_STYLE = Automatic;
				CURRENT_PROJECT_VERSION = 1;
				DEVELOPMENT_ASSET_PATHS = "\"ExAppThemeSwitcher/Preview Content\"";
				DEVELOPMENT_TEAM = 4Y2567YJY8;
				ENABLE_PREVIEWS = YES;
				GENERATE_INFOPLIST_FILE = YES;
				INFOPLIST_KEY_UIApplicationSceneManifest_Generation = YES;
				INFOPLIST_KEY_UIApplicationSupportsIndirectInputEvents = YES;
				INFOPLIST_KEY_UILaunchScreen_Generation = YES;
				INFOPLIST_KEY_UISupportedInterfaceOrientations_iPad = "UIInterfaceOrientationPortrait UIInterfaceOrientationPortraitUpsideDown UIInterfaceOrientationLandscapeLeft UIInterfaceOrientationLandscapeRight";
				INFOPLIST_KEY_UISupportedInterfaceOrientations_iPhone = "UIInterfaceOrientationPortrait UIInterfaceOrientationLandscapeLeft UIInterfaceOrientationLandscapeRight";
				LD_RUNPATH_SEARCH_PATHS = (
					"$(inherited)",
					"@executable_path/Frameworks",
				);
				MARKETING_VERSION = 1.0;
				PRODUCT_BUNDLE_IDENTIFIER = kant.ExAppThemeSwitcher;
				PRODUCT_NAME = "$(TARGET_NAME)";
				SWIFT_EMIT_LOC_STRINGS = YES;
				SWIFT_VERSION = 5.0;
				TARGETED_DEVICE_FAMILY = "1,2";
			};
			name = Release;
		};
/* End XCBuildConfiguration section */

/* Begin XCConfigurationList section */
		BE949C3D2B36AD3D002407A4 /* Build configuration list for PBXProject "ExAppThemeSwitcher" */ = {
			isa = XCConfigurationList;
			buildConfigurations = (
				BE949C4E2B36AD3E002407A4 /* Debug */,
				BE949C4F2B36AD3E002407A4 /* Release */,
			);
			defaultConfigurationIsVisible = 0;
			defaultConfigurationName = Release;
		};
		BE949C502B36AD3E002407A4 /* Build configuration list for PBXNativeTarget "ExAppThemeSwitcher" */ = {
			isa = XCConfigurationList;
			buildConfigurations = (
				BE949C512B36AD3E002407A4 /* Debug */,
				BE949C522B36AD3E002407A4 /* Release */,
			);
			defaultConfigurationIsVisible = 0;
			defaultConfigurationName = Release;
		};
/* End XCConfigurationList section */
	};
	rootObject = BE949C3A2B36AD3D002407A4 /* Project object */;
}
